
Microsoft Visual Studio Solution File, Format Version 12.00
# Visual Studio Version 17
VisualStudioVersion = 17.7.34031.279
MinimumVisualStudioVersion = 10.0.40219.1
Project("{9A19103F-16F7-4668-BE54-9A1E7A4F7556}") = "BuilderClass", "BuilderClass\BuilderClass.csproj", "{1117181B-6A46-4E31-B74E-8AF104370D49}"
EndProject
Project("{FAE04EC0-301F-11D3-BF4B-00C04F79EFBC}") = "unitTest", "unitTest\unitTest.csproj", "{2562743D-1748-4E0F-8482-CBBC0FED6DC1}"
EndProject
Global
	GlobalSection(SolutionConfigurationPlatforms) = preSolution
		Debug|Any CPU = Debug|Any CPU
		Release|Any CPU = Release|Any CPU
	EndGlobalSection
	GlobalSection(ProjectConfigurationPlatforms) = postSolution
		{1117181B-6A46-4E31-B74E-8AF104370D49}.Debug|Any CPU.ActiveCfg = Debug|Any CPU
		{1117181B-6A46-4E31-B74E-8AF104370D49}.Debug|Any CPU.Build.0 = Debug|Any CPU
		{1117181B-6A46-4E31-B74E-8AF104370D49}.Release|Any CPU.ActiveCfg = Release|Any CPU
		{1117181B-6A46-4E31-B74E-8AF104370D49}.Release|Any CPU.Build.0 = Release|Any CPU
		{2562743D-1748-4E0F-8482-CBBC0FED6DC1}.Debug|Any CPU.ActiveCfg = Debug|Any CPU
		{2562743D-1748-4E0F-8482-CBBC0FED6DC1}.Debug|Any CPU.Build.0 = Debug|Any CPU
		{2562743D-1748-4E0F-8482-CBBC0FED6DC1}.Release|Any CPU.ActiveCfg = Release|Any CPU
		{2562743D-1748-4E0F-8482-CBBC0FED6DC1}.Release|Any CPU.Build.0 = Release|Any CPU
	EndGlobalSection
	GlobalSection(SolutionProperties) = preSolution
		HideSolutionNode = FALSE
	EndGlobalSection
	GlobalSection(ExtensibilityGlobals) = postSolution
		SolutionGuid = {EF40453C-2E69-4ADC-82D6-A90DD1E94C5C}
	EndGlobalSection
EndGlobal
